
Microsoft Visual Studio Solution File, Format Version 12.00
# Visual Studio Version 17
VisualStudioVersion = 17.4.33213.308
MinimumVisualStudioVersion = 10.0.40219.1
Project("{9A19103F-16F7-4668-BE54-9A1E7A4F7556}") = "MyCalendar", "MyCalendar\MyCalendar.csproj", "{3FAA3CD4-42E7-4A1F-B6C6-A473C9F60B67}"
EndProject
Project("{9A19103F-16F7-4668-BE54-9A1E7A4F7556}") = "Domain", "Domain\Domain.csproj", "{513903CE-3831-42EE-9FF9-A1DAA9D33829}"
EndProject
Project("{9A19103F-16F7-4668-BE54-9A1E7A4F7556}") = "Application", "Application\Application.csproj", "{7DC0B509-F6A9-419D-93EF-FA988590C997}"
EndProject
Project("{9A19103F-16F7-4668-BE54-9A1E7A4F7556}") = "Persistance", "Persistance\Persistance.csproj", "{1958A100-A9B6-4888-93DA-D030D8913EDF}"
EndProject
Project("{9A19103F-16F7-4668-BE54-9A1E7A4F7556}") = "Application.Test", "Application.Test\Application.Test.csproj", "{D6B2CD8C-ADA9-43CF-B864-FD6AF60A70D1}"
EndProject
Global
	GlobalSection(SolutionConfigurationPlatforms) = preSolution
		Debug|Any CPU = Debug|Any CPU
		Release|Any CPU = Release|Any CPU
	EndGlobalSection
	GlobalSection(ProjectConfigurationPlatforms) = postSolution
		{3FAA3CD4-42E7-4A1F-B6C6-A473C9F60B67}.Debug|Any CPU.ActiveCfg = Debug|Any CPU
		{3FAA3CD4-42E7-4A1F-B6C6-A473C9F60B67}.Debug|Any CPU.Build.0 = Debug|Any CPU
		{3FAA3CD4-42E7-4A1F-B6C6-A473C9F60B67}.Release|Any CPU.ActiveCfg = Release|Any CPU
		{3FAA3CD4-42E7-4A1F-B6C6-A473C9F60B67}.Release|Any CPU.Build.0 = Release|Any CPU
		{513903CE-3831-42EE-9FF9-A1DAA9D33829}.Debug|Any CPU.ActiveCfg = Debug|Any CPU
		{513903CE-3831-42EE-9FF9-A1DAA9D33829}.Debug|Any CPU.Build.0 = Debug|Any CPU
		{513903CE-3831-42EE-9FF9-A1DAA9D33829}.Release|Any CPU.ActiveCfg = Release|Any CPU
		{513903CE-3831-42EE-9FF9-A1DAA9D33829}.Release|Any CPU.Build.0 = Release|Any CPU
		{7DC0B509-F6A9-419D-93EF-FA988590C997}.Debug|Any CPU.ActiveCfg = Debug|Any CPU
		{7DC0B509-F6A9-419D-93EF-FA988590C997}.Debug|Any CPU.Build.0 = Debug|Any CPU
		{7DC0B509-F6A9-419D-93EF-FA988590C997}.Release|Any CPU.ActiveCfg = Release|Any CPU
		{7DC0B509-F6A9-419D-93EF-FA988590C997}.Release|Any CPU.Build.0 = Release|Any CPU
		{1958A100-A9B6-4888-93DA-D030D8913EDF}.Debug|Any CPU.ActiveCfg = Debug|Any CPU
		{1958A100-A9B6-4888-93DA-D030D8913EDF}.Debug|Any CPU.Build.0 = Debug|Any CPU
		{1958A100-A9B6-4888-93DA-D030D8913EDF}.Release|Any CPU.ActiveCfg = Release|Any CPU
		{1958A100-A9B6-4888-93DA-D030D8913EDF}.Release|Any CPU.Build.0 = Release|Any CPU
		{D6B2CD8C-ADA9-43CF-B864-FD6AF60A70D1}.Debug|Any CPU.ActiveCfg = Debug|Any CPU
		{D6B2CD8C-ADA9-43CF-B864-FD6AF60A70D1}.Debug|Any CPU.Build.0 = Debug|Any CPU
		{D6B2CD8C-ADA9-43CF-B864-FD6AF60A70D1}.Release|Any CPU.ActiveCfg = Release|Any CPU
		{D6B2CD8C-ADA9-43CF-B864-FD6AF60A70D1}.Release|Any CPU.Build.0 = Release|Any CPU
	EndGlobalSection
	GlobalSection(SolutionProperties) = preSolution
		HideSolutionNode = FALSE
	EndGlobalSection
	GlobalSection(ExtensibilityGlobals) = postSolution
		SolutionGuid = {D6C84525-42A6-4EAA-A477-9739F4EE5970}
	EndGlobalSection
EndGlobal
